// !$*UTF8*$!
{
	archiveVersion = 1;
	classes = {
	};
	objectVersion = 56;
	objects = {

/* Begin PBXBuildFile section */
		03075020B04C25985A486A9F /* FutureVisionService.swift in Sources */ = {isa = PBXBuildFile; fileRef = 4202E73E303454CED28BA0A5 /* FutureVisionService.swift */; };
		1618CBE42196225475D0C3C2 /* FoodScannerView.swift in Sources */ = {isa = PBXBuildFile; fileRef = 69E107E33E7FC797119B57B0 /* FoodScannerView.swift */; };
		18A966E3AE3C65C025FD7A33 /* ConsumerModels.swift in Sources */ = {isa = PBXBuildFile; fileRef = 44C62374029D5DB6ADFC8027 /* ConsumerModels.swift */; };
		1E676D246DFD4BF057B505E7 /* LiftingCoach.swift in Sources */ = {isa = PBXBuildFile; fileRef = 88CEE5CC471CD6CDF6FC9422 /* LiftingCoach.swift */; };
		226DB19A0A68CF671A037743 /* CoachService.swift in Sources */ = {isa = PBXBuildFile; fileRef = 7843B810CFE4E4C6C4991366 /* CoachService.swift */; };
		362218F195F2E3CB7D31A5D9 /* guided-meditation.m4a in Resources */ = {isa = PBXBuildFile; fileRef = FA5FDC2D6C2789D0FC463D9D /* guided-meditation.m4a */; };
		3CEB2998F10B188B9BB71D31 /* FutureVisionView.swift in Sources */ = {isa = PBXBuildFile; fileRef = BF2B347630952E8C8CA2062F /* FutureVisionView.swift */; };
		497DB2330828280086695940 /* CheckinSync.swift in Sources */ = {isa = PBXBuildFile; fileRef = ED05833A5593DE8DE9080106 /* CheckinSync.swift */; };
		49E9488F2FE1C51C007FD50D /* Supabase in Frameworks */ = {isa = PBXBuildFile; productRef = 49E9488E2FE1C51C007FD50D /* Supabase */; };
		4A507556A9AAD62894AFF6F1 /* VisionCreationFlow.swift in Sources */ = {isa = PBXBuildFile; fileRef = 7439DFCD26DABDF020845D2E /* VisionCreationFlow.swift */; };
		4B100DC73EEAC2641D5878FF /* CareTeamView.swift in Sources */ = {isa = PBXBuildFile; fileRef = FCDBF19CEB09C8382410A612 /* CareTeamView.swift */; };
		4DB67C730EDC228B7B9498A7 /* DynamicWarmupView.swift in Sources */ = {isa = PBXBuildFile; fileRef = C111ECD9FD92B6838B1A2F28 /* DynamicWarmupView.swift */; };
		50A8509CE4E4A1BD4E070F0F /* WorkoutService.swift in Sources */ = {isa = PBXBuildFile; fileRef = A3623AA1C98F5FD93FB6739C /* WorkoutService.swift */; };
		531AF1254D1C85952EB2BA0F /* ReorderView.swift in Sources */ = {isa = PBXBuildFile; fileRef = 33C2E7A7E79E3612AD1F4F4A /* ReorderView.swift */; };
		54ACB79B98CF6A41D49A035F /* AuthService.swift in Sources */ = {isa = PBXBuildFile; fileRef = FF420548325F72C353160DF2 /* AuthService.swift */; };
		5A4AB3FE4181FCD75D3C619B /* CoachChatView.swift in Sources */ = {isa = PBXBuildFile; fileRef = 0AF4835D17241407BFFB21D4 /* CoachChatView.swift */; };
		5A67B7DA36AD63031104A78B /* MealPlanService.swift in Sources */ = {isa = PBXBuildFile; fileRef = E18F936666895C871BB1E34F /* MealPlanService.swift */; };
		5BC247E261A81C158532BC3D /* SignInView.swift in Sources */ = {isa = PBXBuildFile; fileRef = 352956980DD2811651EE9D0A /* SignInView.swift */; };
		5FCFEFDF3D6CC8A88FE046F0 /* ExerciseCard.swift in Sources */ = {isa = PBXBuildFile; fileRef = 39A054D6EC4B792386BE934C /* ExerciseCard.swift */; };
		6059D435113646AA939D0277 /* ProtocolTrackerService.swift in Sources */ = {isa = PBXBuildFile; fileRef = 7A1AA03C12AC3C85B020A3B1 /* ProtocolTrackerService.swift */; };
		65FBC8E7CEC068561E2C87FD /* MealPlan.swift in Sources */ = {isa = PBXBuildFile; fileRef = 96AFFF42775D4153D41F2066 /* MealPlan.swift */; };
		6A37D341076537A6868C7660 /* WyldeScore.swift in Sources */ = {isa = PBXBuildFile; fileRef = 16FAC72A0042A0FCA4C090D4 /* WyldeScore.swift */; };
		737EF09808A24CE680E5C184 /* WorkoutProgram.swift in Sources */ = {isa = PBXBuildFile; fileRef = BE58C92F2054D9E998BA6D6C /* WorkoutProgram.swift */; };
		7523CD98CF0AAF21E9CAD442 /* NutritionTabView.swift in Sources */ = {isa = PBXBuildFile; fileRef = 9AAD1F3F8F5C76E6EA177FB4 /* NutritionTabView.swift */; };
		7669D5F8914FB4FB31B28749 /* FutureTabView.swift in Sources */ = {isa = PBXBuildFile; fileRef = 157C5C465C4BB8F17531A9F2 /* FutureTabView.swift */; };
		78ED69D6027E0112C15293C2 /* FutureReflectionFlow.swift in Sources */ = {isa = PBXBuildFile; fileRef = 72F4745B49D36A58D1B9095F /* FutureReflectionFlow.swift */; };
		85C0CA21BE351B3D2BEFA09E /* WyldeScoreCard.swift in Sources */ = {isa = PBXBuildFile; fileRef = A8D83A4483E5DB70EE0AE39B /* WyldeScoreCard.swift */; };
		895AE0504FC089DC025DFF9C /* QiGongFlowView.swift in Sources */ = {isa = PBXBuildFile; fileRef = 1B2ECA0779B45656B4576A32 /* QiGongFlowView.swift */; };
		8B14EA061C3FD0448FD49B3C /* VisionCard.swift in Sources */ = {isa = PBXBuildFile; fileRef = EFE589914AA93A37EDC80FA9 /* VisionCard.swift */; };
		8DD104BAA288418643EAFAAB /* VisionCategorySelector.swift in Sources */ = {isa = PBXBuildFile; fileRef = 61D9A067504A893EE3724E05 /* VisionCategorySelector.swift */; };
		8E8881408C7AD92A30FBD15D /* MacroTrackerService.swift in Sources */ = {isa = PBXBuildFile; fileRef = 450A3040BEA993FD183CB41B /* MacroTrackerService.swift */; };
		8F10BCBC638BDED70C47FA03 /* SplashView.swift in Sources */ = {isa = PBXBuildFile; fileRef = E0F126C93E921C9F6B9698D5 /* SplashView.swift */; };
		A10001 /* WyldeSelfApp.swift in Sources */ = {isa = PBXBuildFile; fileRef = B10001 /* WyldeSelfApp.swift */; };
		A10002 /* ContentView.swift in Sources */ = {isa = PBXBuildFile; fileRef = B10002 /* ContentView.swift */; };
		A10003 /* AppDelegate.swift in Sources */ = {isa = PBXBuildFile; fileRef = B10003 /* AppDelegate.swift */; };
		A10004 /* AppState.swift in Sources */ = {isa = PBXBuildFile; fileRef = B10004 /* AppState.swift */; };
		A10005 /* Theme.swift in Sources */ = {isa = PBXBuildFile; fileRef = B10005 /* Theme.swift */; };
		A10006 /* MainTabView.swift in Sources */ = {isa = PBXBuildFile; fileRef = B10006 /* MainTabView.swift */; };
		A10007 /* WebViewScreen.swift in Sources */ = {isa = PBXBuildFile; fileRef = B10007 /* WebViewScreen.swift */; };
		A10008 /* TodayView.swift in Sources */ = {isa = PBXBuildFile; fileRef = B10008 /* TodayView.swift */; };
		A10009 /* HapticManager.swift in Sources */ = {isa = PBXBuildFile; fileRef = B10009 /* HapticManager.swift */; };
		A10010 /* NotificationManager.swift in Sources */ = {isa = PBXBuildFile; fileRef = B10010 /* NotificationManager.swift */; };
		A10011 /* HealthKitManager.swift in Sources */ = {isa = PBXBuildFile; fileRef = B10011 /* HealthKitManager.swift */; };
		A10012 /* CameraManager.swift in Sources */ = {isa = PBXBuildFile; fileRef = B10012 /* CameraManager.swift */; };
		A10013 /* Assets.xcassets in Resources */ = {isa = PBXBuildFile; fileRef = B10013 /* Assets.xcassets */; };
		A10014 /* HealthKit.framework in Frameworks */ = {isa = PBXBuildFile; fileRef = B10014 /* HealthKit.framework */; };
		A10016 /* Exercise.swift in Sources */ = {isa = PBXBuildFile; fileRef = B10016 /* Exercise.swift */; };
		A10017 /* ExercisesView.swift in Sources */ = {isa = PBXBuildFile; fileRef = B10017 /* ExercisesView.swift */; };
		A10018 /* exercises.json in Resources */ = {isa = PBXBuildFile; fileRef = B10018 /* exercises.json */; };
		A10019 /* IdentityProfile.swift in Sources */ = {isa = PBXBuildFile; fileRef = B10019 /* IdentityProfile.swift */; };
		A10020 /* PaywallView.swift in Sources */ = {isa = PBXBuildFile; fileRef = B10020 /* PaywallView.swift */; };
		A10021 /* SettingsDrawer.swift in Sources */ = {isa = PBXBuildFile; fileRef = B10021 /* SettingsDrawer.swift */; };
		A10022 /* IdentityImportView.swift in Sources */ = {isa = PBXBuildFile; fileRef = B10022 /* IdentityImportView.swift */; };
		A10023 /* StartTodayFlow.swift in Sources */ = {isa = PBXBuildFile; fileRef = B10023 /* StartTodayFlow.swift */; };
		A10024 /* PurchaseManager.swift in Sources */ = {isa = PBXBuildFile; fileRef = B10024 /* PurchaseManager.swift */; };
		A10025 /* IdentityAnalysisService.swift in Sources */ = {isa = PBXBuildFile; fileRef = B10025 /* IdentityAnalysisService.swift */; };
		A10026 /* JourneyPhase.swift in Sources */ = {isa = PBXBuildFile; fileRef = B10026 /* JourneyPhase.swift */; };
		A10027 /* CoachLine.swift in Sources */ = {isa = PBXBuildFile; fileRef = B10027 /* CoachLine.swift */; };
		A10028 /* WyldeStyles.swift in Sources */ = {isa = PBXBuildFile; fileRef = B10028 /* WyldeStyles.swift */; };
		A3D81F9B947EE5D76747F083 /* VisionTheme.swift in Sources */ = {isa = PBXBuildFile; fileRef = FD6EAA094DE1A417B99DD349 /* VisionTheme.swift */; };
		A3F396A2D7CCA845AB1A80FE /* WyldeScoreService.swift in Sources */ = {isa = PBXBuildFile; fileRef = 3245AF428E0732CDC8B62655 /* WyldeScoreService.swift */; };
		A6BBE708419A60DBE90DF00E /* MealPlanView.swift in Sources */ = {isa = PBXBuildFile; fileRef = A83B41DA2B4C49B1FE789CCD /* MealPlanView.swift */; };
		A8CB2D23D6EB86B182C431ED /* OnboardingView.swift in Sources */ = {isa = PBXBuildFile; fileRef = 91180521F9514686E9160EBF /* OnboardingView.swift */; };
		ACA54FDA9CB2728ADED95C59 /* YouView.swift in Sources */ = {isa = PBXBuildFile; fileRef = 36DC41DE8014E1FAD7AF5F91 /* YouView.swift */; };
		B47E22954C3FC0CEAA0E33E4 /* RestTimerView.swift in Sources */ = {isa = PBXBuildFile; fileRef = 572F46AD3D93FB29BD076690 /* RestTimerView.swift */; };
		B4DBEDE0E33ADB693F9F626B /* WorkoutGeneratorView.swift in Sources */ = {isa = PBXBuildFile; fileRef = 484A32CBA3C0D8BDEBFCFB7F /* WorkoutGeneratorView.swift */; };
		B91C567B73439B06B53242B4 /* ClinicalAPI.swift in Sources */ = {isa = PBXBuildFile; fileRef = 266BF07DED1AA40E9CE5A9FF /* ClinicalAPI.swift */; };
		BB49253CE915018D4512DF36 /* CinematicEffects.swift in Sources */ = {isa = PBXBuildFile; fileRef = CF64D03B1398C1C46DFCCB8C /* CinematicEffects.swift */; };
		C1F3B0C06D74EC542FDC4DD2 /* WorkoutContainerView.swift in Sources */ = {isa = PBXBuildFile; fileRef = F8A1FB6CF9D2C933C1754C50 /* WorkoutContainerView.swift */; };
		C5291E6E267C1A8290EB2CAE /* WorkoutDayView.swift in Sources */ = {isa = PBXBuildFile; fileRef = A07DC257E3ECC043B6773A58 /* WorkoutDayView.swift */; };
		C60C7CC6C017D714F0C8F352 /* GuidedMeditationView.swift in Sources */ = {isa = PBXBuildFile; fileRef = CC61017E88572D0AF4662A7C /* GuidedMeditationView.swift */; };
		C67910E979584C833D7A4BFF /* SupabaseClient.swift in Sources */ = {isa = PBXBuildFile; fileRef = CFF1630ABE8FEBBA81A03240 /* SupabaseClient.swift */; };
		D2421988CEDCAD47A494339A /* ProgramView.swift in Sources */ = {isa = PBXBuildFile; fileRef = 75AB4CA4640E38AE003A94AB /* ProgramView.swift */; };
		E19B9D461B3AB1C2EE60070C /* CareMessagingView.swift in Sources */ = {isa = PBXBuildFile; fileRef = DFF7FBABC90464C1050C45FA /* CareMessagingView.swift */; };
		F01C427D255E073C74CC7611 /* FutureVision.swift in Sources */ = {isa = PBXBuildFile; fileRef = E07F46ED130E8FA952F7BE9A /* FutureVision.swift */; };
		F6F60DD2FAF8EF8AA596BF42 /* ImageLibrary.swift in Sources */ = {isa = PBXBuildFile; fileRef = 2F09EC6B89EAABB04C9E946F /* ImageLibrary.swift */; };
		F70AA43BF26D80A2976420EB /* ProtocolTrackerView.swift in Sources */ = {isa = PBXBuildFile; fileRef = ADAB00E2228BCBC88233AD1C /* ProtocolTrackerView.swift */; };
/* End PBXBuildFile section */

/* Begin PBXFileReference section */
		0AF4835D17241407BFFB21D4 /* CoachChatView.swift */ = {isa = PBXFileReference; includeInIndex = 1; lastKnownFileType = sourcecode.swift; path = CoachChatView.swift; sourceTree = "<group>"; };
		157C5C465C4BB8F17531A9F2 /* FutureTabView.swift */ = {isa = PBXFileReference; includeInIndex = 1; lastKnownFileType = sourcecode.swift; path = FutureTabView.swift; sourceTree = "<group>"; };
		16FAC72A0042A0FCA4C090D4 /* WyldeScore.swift */ = {isa = PBXFileReference; includeInIndex = 1; lastKnownFileType = sourcecode.swift; path = WyldeScore.swift; sourceTree = "<group>"; };
		1B2ECA0779B45656B4576A32 /* QiGongFlowView.swift */ = {isa = PBXFileReference; includeInIndex = 1; lastKnownFileType = sourcecode.swift; path = QiGongFlowView.swift; sourceTree = "<group>"; };
		266BF07DED1AA40E9CE5A9FF /* ClinicalAPI.swift */ = {isa = PBXFileReference; includeInIndex = 1; lastKnownFileType = sourcecode.swift; path = ClinicalAPI.swift; sourceTree = "<group>"; };
		2F09EC6B89EAABB04C9E946F /* ImageLibrary.swift */ = {isa = PBXFileReference; includeInIndex = 1; lastKnownFileType = sourcecode.swift; path = ImageLibrary.swift; sourceTree = "<group>"; };
		3245AF428E0732CDC8B62655 /* WyldeScoreService.swift */ = {isa = PBXFileReference; includeInIndex = 1; lastKnownFileType = sourcecode.swift; path = WyldeScoreService.swift; sourceTree = "<group>"; };
		33C2E7A7E79E3612AD1F4F4A /* ReorderView.swift */ = {isa = PBXFileReference; includeInIndex = 1; lastKnownFileType = sourcecode.swift; path = ReorderView.swift; sourceTree = "<group>"; };
		352956980DD2811651EE9D0A /* SignInView.swift */ = {isa = PBXFileReference; includeInIndex = 1; lastKnownFileType = sourcecode.swift; path = SignInView.swift; sourceTree = "<group>"; };
		36DC41DE8014E1FAD7AF5F91 /* YouView.swift */ = {isa = PBXFileReference; includeInIndex = 1; lastKnownFileType = sourcecode.swift; path = YouView.swift; sourceTree = "<group>"; };
		39A054D6EC4B792386BE934C /* ExerciseCard.swift */ = {isa = PBXFileReference; includeInIndex = 1; lastKnownFileType = sourcecode.swift; path = ExerciseCard.swift; sourceTree = "<group>"; };
		4202E73E303454CED28BA0A5 /* FutureVisionService.swift */ = {isa = PBXFileReference; includeInIndex = 1; lastKnownFileType = sourcecode.swift; path = FutureVisionService.swift; sourceTree = "<group>"; };
		44C62374029D5DB6ADFC8027 /* ConsumerModels.swift */ = {isa = PBXFileReference; includeInIndex = 1; lastKnownFileType = sourcecode.swift; path = ConsumerModels.swift; sourceTree = "<group>"; };
		450A3040BEA993FD183CB41B /* MacroTrackerService.swift */ = {isa = PBXFileReference; includeInIndex = 1; lastKnownFileType = sourcecode.swift; path = MacroTrackerService.swift; sourceTree = "<group>"; };
		484A32CBA3C0D8BDEBFCFB7F /* WorkoutGeneratorView.swift */ = {isa = PBXFileReference; includeInIndex = 1; lastKnownFileType = sourcecode.swift; path = WorkoutGeneratorView.swift; sourceTree = "<group>"; };
		572F46AD3D93FB29BD076690 /* RestTimerView.swift */ = {isa = PBXFileReference; includeInIndex = 1; lastKnownFileType = sourcecode.swift; path = RestTimerView.swift; sourceTree = "<group>"; };
		61D9A067504A893EE3724E05 /* VisionCategorySelector.swift */ = {isa = PBXFileReference; includeInIndex = 1; lastKnownFileType = sourcecode.swift; path = VisionCategorySelector.swift; sourceTree = "<group>"; };
		69E107E33E7FC797119B57B0 /* FoodScannerView.swift */ = {isa = PBXFileReference; includeInIndex = 1; lastKnownFileType = sourcecode.swift; path = FoodScannerView.swift; sourceTree = "<group>"; };
		72F4745B49D36A58D1B9095F /* FutureReflectionFlow.swift */ = {isa = PBXFileReference; includeInIndex = 1; lastKnownFileType = sourcecode.swift; path = FutureReflectionFlow.swift; sourceTree = "<group>"; };
		7439DFCD26DABDF020845D2E /* VisionCreationFlow.swift */ = {isa = PBXFileReference; includeInIndex = 1; lastKnownFileType = sourcecode.swift; path = VisionCreationFlow.swift; sourceTree = "<group>"; };
		75AB4CA4640E38AE003A94AB /* ProgramView.swift */ = {isa = PBXFileReference; includeInIndex = 1; lastKnownFileType = sourcecode.swift; path = ProgramView.swift; sourceTree = "<group>"; };
		7843B810CFE4E4C6C4991366 /* CoachService.swift */ = {isa = PBXFileReference; includeInIndex = 1; lastKnownFileType = sourcecode.swift; path = CoachService.swift; sourceTree = "<group>"; };
		7A1AA03C12AC3C85B020A3B1 /* ProtocolTrackerService.swift */ = {isa = PBXFileReference; includeInIndex = 1; lastKnownFileType = sourcecode.swift; path = ProtocolTrackerService.swift; sourceTree = "<group>"; };
		88CEE5CC471CD6CDF6FC9422 /* LiftingCoach.swift */ = {isa = PBXFileReference; includeInIndex = 1; lastKnownFileType = sourcecode.swift; path = LiftingCoach.swift; sourceTree = "<group>"; };
		91180521F9514686E9160EBF /* OnboardingView.swift */ = {isa = PBXFileReference; includeInIndex = 1; lastKnownFileType = sourcecode.swift; path = OnboardingView.swift; sourceTree = "<group>"; };
		96AFFF42775D4153D41F2066 /* MealPlan.swift */ = {isa = PBXFileReference; includeInIndex = 1; lastKnownFileType = sourcecode.swift; path = MealPlan.swift; sourceTree = "<group>"; };
		9AAD1F3F8F5C76E6EA177FB4 /* NutritionTabView.swift */ = {isa = PBXFileReference; includeInIndex = 1; lastKnownFileType = sourcecode.swift; path = NutritionTabView.swift; sourceTree = "<group>"; };
		A07DC257E3ECC043B6773A58 /* WorkoutDayView.swift */ = {isa = PBXFileReference; includeInIndex = 1; lastKnownFileType = sourcecode.swift; path = WorkoutDayView.swift; sourceTree = "<group>"; };
		A3623AA1C98F5FD93FB6739C /* WorkoutService.swift */ = {isa = PBXFileReference; includeInIndex = 1; lastKnownFileType = sourcecode.swift; path = WorkoutService.swift; sourceTree = "<group>"; };
		A83B41DA2B4C49B1FE789CCD /* MealPlanView.swift */ = {isa = PBXFileReference; includeInIndex = 1; lastKnownFileType = sourcecode.swift; path = MealPlanView.swift; sourceTree = "<group>"; };
		A8D83A4483E5DB70EE0AE39B /* WyldeScoreCard.swift */ = {isa = PBXFileReference; includeInIndex = 1; lastKnownFileType = sourcecode.swift; path = WyldeScoreCard.swift; sourceTree = "<group>"; };
		ADAB00E2228BCBC88233AD1C /* ProtocolTrackerView.swift */ = {isa = PBXFileReference; includeInIndex = 1; lastKnownFileType = sourcecode.swift; path = ProtocolTrackerView.swift; sourceTree = "<group>"; };
		B10001 /* WyldeSelfApp.swift */ = {isa = PBXFileReference; lastKnownFileType = sourcecode.swift; path = WyldeSelfApp.swift; sourceTree = "<group>"; };
		B10002 /* ContentView.swift */ = {isa = PBXFileReference; lastKnownFileType = sourcecode.swift; path = ContentView.swift; sourceTree = "<group>"; };
		B10003 /* AppDelegate.swift */ = {isa = PBXFileReference; lastKnownFileType = sourcecode.swift; path = AppDelegate.swift; sourceTree = "<group>"; };
		B10004 /* AppState.swift */ = {isa = PBXFileReference; lastKnownFileType = sourcecode.swift; path = AppState.swift; sourceTree = "<group>"; };
		B10005 /* Theme.swift */ = {isa = PBXFileReference; lastKnownFileType = sourcecode.swift; path = Theme.swift; sourceTree = "<group>"; };
		B10006 /* MainTabView.swift */ = {isa = PBXFileReference; lastKnownFileType = sourcecode.swift; path = MainTabView.swift; sourceTree = "<group>"; };
		B10007 /* WebViewScreen.swift */ = {isa = PBXFileReference; lastKnownFileType = sourcecode.swift; path = WebViewScreen.swift; sourceTree = "<group>"; };
		B10008 /* TodayView.swift */ = {isa = PBXFileReference; lastKnownFileType = sourcecode.swift; path = TodayView.swift; sourceTree = "<group>"; };
		B10009 /* HapticManager.swift */ = {isa = PBXFileReference; lastKnownFileType = sourcecode.swift; path = HapticManager.swift; sourceTree = "<group>"; };
		B10010 /* NotificationManager.swift */ = {isa = PBXFileReference; lastKnownFileType = sourcecode.swift; path = NotificationManager.swift; sourceTree = "<group>"; };
		B10011 /* HealthKitManager.swift */ = {isa = PBXFileReference; lastKnownFileType = sourcecode.swift; path = HealthKitManager.swift; sourceTree = "<group>"; };
		B10012 /* CameraManager.swift */ = {isa = PBXFileReference; lastKnownFileType = sourcecode.swift; path = CameraManager.swift; sourceTree = "<group>"; };
		B10013 /* Assets.xcassets */ = {isa = PBXFileReference; lastKnownFileType = folder.assetcatalog; path = Assets.xcassets; sourceTree = "<group>"; };
		B10014 /* HealthKit.framework */ = {isa = PBXFileReference; lastKnownFileType = wrapper.framework; name = HealthKit.framework; path = System/Library/Frameworks/HealthKit.framework; sourceTree = SDKROOT; };
		B10015 /* Info.plist */ = {isa = PBXFileReference; lastKnownFileType = text.plist.xml; path = Info.plist; sourceTree = "<group>"; };
		B10016 /* Exercise.swift */ = {isa = PBXFileReference; lastKnownFileType = sourcecode.swift; path = Exercise.swift; sourceTree = "<group>"; };
		B10017 /* ExercisesView.swift */ = {isa = PBXFileReference; lastKnownFileType = sourcecode.swift; path = ExercisesView.swift; sourceTree = "<group>"; };
		B10018 /* exercises.json */ = {isa = PBXFileReference; lastKnownFileType = text.json; path = exercises.json; sourceTree = "<group>"; };
		B10019 /* IdentityProfile.swift */ = {isa = PBXFileReference; lastKnownFileType = sourcecode.swift; path = IdentityProfile.swift; sourceTree = "<group>"; };
		B10020 /* PaywallView.swift */ = {isa = PBXFileReference; lastKnownFileType = sourcecode.swift; path = PaywallView.swift; sourceTree = "<group>"; };
		B10021 /* SettingsDrawer.swift */ = {isa = PBXFileReference; lastKnownFileType = sourcecode.swift; path = SettingsDrawer.swift; sourceTree = "<group>"; };
		B10022 /* IdentityImportView.swift */ = {isa = PBXFileReference; lastKnownFileType = sourcecode.swift; path = IdentityImportView.swift; sourceTree = "<group>"; };
		B10023 /* StartTodayFlow.swift */ = {isa = PBXFileReference; lastKnownFileType = sourcecode.swift; path = StartTodayFlow.swift; sourceTree = "<group>"; };
		B10024 /* PurchaseManager.swift */ = {isa = PBXFileReference; lastKnownFileType = sourcecode.swift; path = PurchaseManager.swift; sourceTree = "<group>"; };
		B10025 /* IdentityAnalysisService.swift */ = {isa = PBXFileReference; lastKnownFileType = sourcecode.swift; path = IdentityAnalysisService.swift; sourceTree = "<group>"; };
		B10026 /* JourneyPhase.swift */ = {isa = PBXFileReference; lastKnownFileType = sourcecode.swift; path = JourneyPhase.swift; sourceTree = "<group>"; };
		B10027 /* CoachLine.swift */ = {isa = PBXFileReference; lastKnownFileType = sourcecode.swift; path = CoachLine.swift; sourceTree = "<group>"; };
		B10028 /* WyldeStyles.swift */ = {isa = PBXFileReference; lastKnownFileType = sourcecode.swift; path = WyldeStyles.swift; sourceTree = "<group>"; };
		B99999 /* WyldeSelf.app */ = {isa = PBXFileReference; explicitFileType = wrapper.application; includeInIndex = 0; path = WyldeSelf.app; sourceTree = BUILT_PRODUCTS_DIR; };
		BE58C92F2054D9E998BA6D6C /* WorkoutProgram.swift */ = {isa = PBXFileReference; includeInIndex = 1; lastKnownFileType = sourcecode.swift; path = WorkoutProgram.swift; sourceTree = "<group>"; };
		BF2B347630952E8C8CA2062F /* FutureVisionView.swift */ = {isa = PBXFileReference; includeInIndex = 1; lastKnownFileType = sourcecode.swift; path = FutureVisionView.swift; sourceTree = "<group>"; };
		C111ECD9FD92B6838B1A2F28 /* DynamicWarmupView.swift */ = {isa = PBXFileReference; includeInIndex = 1; lastKnownFileType = sourcecode.swift; path = DynamicWarmupView.swift; sourceTree = "<group>"; };
		CC61017E88572D0AF4662A7C /* GuidedMeditationView.swift */ = {isa = PBXFileReference; includeInIndex = 1; lastKnownFileType = sourcecode.swift; path = GuidedMeditationView.swift; sourceTree = "<group>"; };
		CF64D03B1398C1C46DFCCB8C /* CinematicEffects.swift */ = {isa = PBXFileReference; includeInIndex = 1; lastKnownFileType = sourcecode.swift; path = CinematicEffects.swift; sourceTree = "<group>"; };
		CFF1630ABE8FEBBA81A03240 /* SupabaseClient.swift */ = {isa = PBXFileReference; includeInIndex = 1; lastKnownFileType = sourcecode.swift; path = SupabaseClient.swift; sourceTree = "<group>"; };
		DFF7FBABC90464C1050C45FA /* CareMessagingView.swift */ = {isa = PBXFileReference; includeInIndex = 1; lastKnownFileType = sourcecode.swift; path = CareMessagingView.swift; sourceTree = "<group>"; };
		E07F46ED130E8FA952F7BE9A /* FutureVision.swift */ = {isa = PBXFileReference; includeInIndex = 1; lastKnownFileType = sourcecode.swift; path = FutureVision.swift; sourceTree = "<group>"; };
		E0F126C93E921C9F6B9698D5 /* SplashView.swift */ = {isa = PBXFileReference; includeInIndex = 1; lastKnownFileType = sourcecode.swift; path = SplashView.swift; sourceTree = "<group>"; };
		E18F936666895C871BB1E34F /* MealPlanService.swift */ = {isa = PBXFileReference; includeInIndex = 1; lastKnownFileType = sourcecode.swift; path = MealPlanService.swift; sourceTree = "<group>"; };
		ED05833A5593DE8DE9080106 /* CheckinSync.swift */ = {isa = PBXFileReference; includeInIndex = 1; lastKnownFileType = sourcecode.swift; path = CheckinSync.swift; sourceTree = "<group>"; };
		EFE589914AA93A37EDC80FA9 /* VisionCard.swift */ = {isa = PBXFileReference; includeInIndex = 1; lastKnownFileType = sourcecode.swift; path = VisionCard.swift; sourceTree = "<group>"; };
		F8A1FB6CF9D2C933C1754C50 /* WorkoutContainerView.swift */ = {isa = PBXFileReference; includeInIndex = 1; lastKnownFileType = sourcecode.swift; path = WorkoutContainerView.swift; sourceTree = "<group>"; };
		FA5FDC2D6C2789D0FC463D9D /* guided-meditation.m4a */ = {isa = PBXFileReference; includeInIndex = 1; path = "guided-meditation.m4a"; sourceTree = "<group>"; };
		FCDBF19CEB09C8382410A612 /* CareTeamView.swift */ = {isa = PBXFileReference; includeInIndex = 1; lastKnownFileType = sourcecode.swift; path = CareTeamView.swift; sourceTree = "<group>"; };
		FD6EAA094DE1A417B99DD349 /* VisionTheme.swift */ = {isa = PBXFileReference; includeInIndex = 1; lastKnownFileType = sourcecode.swift; path = VisionTheme.swift; sourceTree = "<group>"; };
		FF420548325F72C353160DF2 /* AuthService.swift */ = {isa = PBXFileReference; includeInIndex = 1; lastKnownFileType = sourcecode.swift; path = AuthService.swift; sourceTree = "<group>"; };
/* End PBXFileReference section */

/* Begin PBXFrameworksBuildPhase section */
		C10001 /* Frameworks */ = {
			isa = PBXFrameworksBuildPhase;
			buildActionMask = 2147483647;
			files = (
				49E9488F2FE1C51C007FD50D /* Supabase in Frameworks */,
				A10014 /* HealthKit.framework in Frameworks */,
			);
			runOnlyForDeploymentPostprocessing = 0;
		};
/* End PBXFrameworksBuildPhase section */

/* Begin PBXGroup section */
		AE306A7BAE952030901C81A8 /* FutureVision */ = {
			isa = PBXGroup;
			children = (
				157C5C465C4BB8F17531A9F2 /* FutureTabView.swift */,
				BF2B347630952E8C8CA2062F /* FutureVisionView.swift */,
				EFE589914AA93A37EDC80FA9 /* VisionCard.swift */,
				7439DFCD26DABDF020845D2E /* VisionCreationFlow.swift */,
				61D9A067504A893EE3724E05 /* VisionCategorySelector.swift */,
				72F4745B49D36A58D1B9095F /* FutureReflectionFlow.swift */,
			);
			name = FutureVision;
			path = FutureVision;
			sourceTree = "<group>";
		};
		D10001 = {
			isa = PBXGroup;
			children = (
				D10002 /* WyldeSelf */,
				D10099 /* Products */,
				D10098 /* Frameworks */,
			);
			sourceTree = "<group>";
		};
		D10002 /* WyldeSelf */ = {
			isa = PBXGroup;
			children = (
				B10001 /* WyldeSelfApp.swift */,
				B10002 /* ContentView.swift */,
				B10003 /* AppDelegate.swift */,
				B10015 /* Info.plist */,
				B10013 /* Assets.xcassets */,
				B10018 /* exercises.json */,
				D10003 /* Models */,
				D10004 /* Views */,
				D10005 /* Services */,
				D10006 /* Utilities */,
				FA5FDC2D6C2789D0FC463D9D /* guided-meditation.m4a */,
			);
			path = WyldeSelf;
			sourceTree = "<group>";
		};
		D10003 /* Models */ = {
			isa = PBXGroup;
			children = (
				B10004 /* AppState.swift */,
				B10016 /* Exercise.swift */,
				B10019 /* IdentityProfile.swift */,
				44C62374029D5DB6ADFC8027 /* ConsumerModels.swift */,
				E07F46ED130E8FA952F7BE9A /* FutureVision.swift */,
				BE58C92F2054D9E998BA6D6C /* WorkoutProgram.swift */,
				96AFFF42775D4153D41F2066 /* MealPlan.swift */,
				16FAC72A0042A0FCA4C090D4 /* WyldeScore.swift */,
			);
			path = Models;
			sourceTree = "<group>";
		};
		D10004 /* Views */ = {
			isa = PBXGroup;
			children = (
				B10006 /* MainTabView.swift */,
				B10007 /* WebViewScreen.swift */,
				B10008 /* TodayView.swift */,
				B10017 /* ExercisesView.swift */,
				B10020 /* PaywallView.swift */,
				B10021 /* SettingsDrawer.swift */,
				B10022 /* IdentityImportView.swift */,
				B10023 /* StartTodayFlow.swift */,
				36DC41DE8014E1FAD7AF5F91 /* YouView.swift */,
				352956980DD2811651EE9D0A /* SignInView.swift */,
				FCDBF19CEB09C8382410A612 /* CareTeamView.swift */,
				E0F126C93E921C9F6B9698D5 /* SplashView.swift */,
				91180521F9514686E9160EBF /* OnboardingView.swift */,
				AE306A7BAE952030901C81A8 /* FutureVision */,
				D30FCB5A236381421F387F97 /* Workout */,
				0AF4835D17241407BFFB21D4 /* CoachChatView.swift */,
				69E107E33E7FC797119B57B0 /* FoodScannerView.swift */,
				A83B41DA2B4C49B1FE789CCD /* MealPlanView.swift */,
				A8D83A4483E5DB70EE0AE39B /* WyldeScoreCard.swift */,
				ADAB00E2228BCBC88233AD1C /* ProtocolTrackerView.swift */,
				DFF7FBABC90464C1050C45FA /* CareMessagingView.swift */,
				33C2E7A7E79E3612AD1F4F4A /* ReorderView.swift */,
				9AAD1F3F8F5C76E6EA177FB4 /* NutritionTabView.swift */,
			);
			path = Views;
			sourceTree = "<group>";
		};
		D10005 /* Services */ = {
			isa = PBXGroup;
			children = (
				B10009 /* HapticManager.swift */,
				B10010 /* NotificationManager.swift */,
				B10011 /* HealthKitManager.swift */,
				B10012 /* CameraManager.swift */,
				B10024 /* PurchaseManager.swift */,
				B10025 /* IdentityAnalysisService.swift */,
				CFF1630ABE8FEBBA81A03240 /* SupabaseClient.swift */,
				FF420548325F72C353160DF2 /* AuthService.swift */,
				266BF07DED1AA40E9CE5A9FF /* ClinicalAPI.swift */,
				ED05833A5593DE8DE9080106 /* CheckinSync.swift */,
				4202E73E303454CED28BA0A5 /* FutureVisionService.swift */,
				A3623AA1C98F5FD93FB6739C /* WorkoutService.swift */,
				7843B810CFE4E4C6C4991366 /* CoachService.swift */,
				450A3040BEA993FD183CB41B /* MacroTrackerService.swift */,
				E18F936666895C871BB1E34F /* MealPlanService.swift */,
				3245AF428E0732CDC8B62655 /* WyldeScoreService.swift */,
				7A1AA03C12AC3C85B020A3B1 /* ProtocolTrackerService.swift */,
			);
			path = Services;
			sourceTree = "<group>";
		};
		D10006 /* Utilities */ = {
			isa = PBXGroup;
			children = (
				B10005 /* Theme.swift */,
				B10026 /* JourneyPhase.swift */,
				B10027 /* CoachLine.swift */,
				B10028 /* WyldeStyles.swift */,
				2F09EC6B89EAABB04C9E946F /* ImageLibrary.swift */,
				FD6EAA094DE1A417B99DD349 /* VisionTheme.swift */,
				CF64D03B1398C1C46DFCCB8C /* CinematicEffects.swift */,
				88CEE5CC471CD6CDF6FC9422 /* LiftingCoach.swift */,
			);
			path = Utilities;
			sourceTree = "<group>";
		};
		D10098 /* Frameworks */ = {
			isa = PBXGroup;
			children = (
				B10014 /* HealthKit.framework */,
			);
			name = Frameworks;
			sourceTree = "<group>";
		};
		D10099 /* Products */ = {
			isa = PBXGroup;
			children = (
				B99999 /* WyldeSelf.app */,
			);
			name = Products;
			sourceTree = "<group>";
		};
		D30FCB5A236381421F387F97 /* Workout */ = {
			isa = PBXGroup;
			children = (
				39A054D6EC4B792386BE934C /* ExerciseCard.swift */,
				572F46AD3D93FB29BD076690 /* RestTimerView.swift */,
				A07DC257E3ECC043B6773A58 /* WorkoutDayView.swift */,
				75AB4CA4640E38AE003A94AB /* ProgramView.swift */,
				484A32CBA3C0D8BDEBFCFB7F /* WorkoutGeneratorView.swift */,
				C111ECD9FD92B6838B1A2F28 /* DynamicWarmupView.swift */,
				F8A1FB6CF9D2C933C1754C50 /* WorkoutContainerView.swift */,
				1B2ECA0779B45656B4576A32 /* QiGongFlowView.swift */,
				CC61017E88572D0AF4662A7C /* GuidedMeditationView.swift */,
			);
			name = Workout;
			path = Workout;
			sourceTree = "<group>";
		};
/* End PBXGroup section */

/* Begin PBXNativeTarget section */
		E10001 /* WyldeSelf */ = {
			isa = PBXNativeTarget;
			buildConfigurationList = F10003 /* Build configuration list for PBXNativeTarget "WyldeSelf" */;
			buildPhases = (
				C10002 /* Sources */,
				C10001 /* Frameworks */,
				C10003 /* Resources */,
			);
			buildRules = (
			);
			dependencies = (
			);
			name = WyldeSelf;
			productName = WyldeSelf;
			productReference = B99999 /* WyldeSelf.app */;
			productType = "com.apple.product-type.application";
		};
/* End PBXNativeTarget section */

/* Begin PBXProject section */
		P10001 /* Project object */ = {
			isa = PBXProject;
			attributes = {
				BuildIndependentTargetsInParallel = 1;
				LastSwiftUpdateCheck = 1540;
				LastUpgradeCheck = 1540;
				TargetAttributes = {
					E10001 = {
						CreatedOnToolsVersion = 15.4;
					};
				};
			};
			buildConfigurationList = F10001 /* Build configuration list for PBXProject "WyldeSelf" */;
			compatibilityVersion = "Xcode 14.0";
			developmentRegion = en;
			hasScannedForEncodings = 0;
			knownRegions = (
				en,
				Base,
			);
			mainGroup = D10001;
			packageReferences = (
				4945466D2FE1C3B000AB1CE4 /* XCRemoteSwiftPackageReference "supabase-swift" */,
			);
			productRefGroup = D10099 /* Products */;
			projectDirPath = "";
			projectRoot = "";
			targets = (
				E10001 /* WyldeSelf */,
			);
		};
/* End PBXProject section */

/* Begin PBXResourcesBuildPhase section */
		C10003 /* Resources */ = {
			isa = PBXResourcesBuildPhase;
			buildActionMask = 2147483647;
			files = (
				A10013 /* Assets.xcassets in Resources */,
				A10018 /* exercises.json in Resources */,
				362218F195F2E3CB7D31A5D9 /* guided-meditation.m4a in Resources */,
			);
			runOnlyForDeploymentPostprocessing = 0;
		};
/* End PBXResourcesBuildPhase section */

/* Begin PBXSourcesBuildPhase section */
		C10002 /* Sources */ = {
			isa = PBXSourcesBuildPhase;
			buildActionMask = 2147483647;
			files = (
				A10001 /* WyldeSelfApp.swift in Sources */,
				A10002 /* ContentView.swift in Sources */,
				A10003 /* AppDelegate.swift in Sources */,
				A10004 /* AppState.swift in Sources */,
				A10005 /* Theme.swift in Sources */,
				A10006 /* MainTabView.swift in Sources */,
				A10007 /* WebViewScreen.swift in Sources */,
				A10008 /* TodayView.swift in Sources */,
				A10009 /* HapticManager.swift in Sources */,
				A10010 /* NotificationManager.swift in Sources */,
				A10011 /* HealthKitManager.swift in Sources */,
				A10012 /* CameraManager.swift in Sources */,
				A10016 /* Exercise.swift in Sources */,
				A10017 /* ExercisesView.swift in Sources */,
				A10019 /* IdentityProfile.swift in Sources */,
				A10020 /* PaywallView.swift in Sources */,
				A10021 /* SettingsDrawer.swift in Sources */,
				A10022 /* IdentityImportView.swift in Sources */,
				A10023 /* StartTodayFlow.swift in Sources */,
				A10024 /* PurchaseManager.swift in Sources */,
				A10025 /* IdentityAnalysisService.swift in Sources */,
				A10026 /* JourneyPhase.swift in Sources */,
				A10027 /* CoachLine.swift in Sources */,
				A10028 /* WyldeStyles.swift in Sources */,
				C67910E979584C833D7A4BFF /* SupabaseClient.swift in Sources */,
				54ACB79B98CF6A41D49A035F /* AuthService.swift in Sources */,
				B91C567B73439B06B53242B4 /* ClinicalAPI.swift in Sources */,
				497DB2330828280086695940 /* CheckinSync.swift in Sources */,
				18A966E3AE3C65C025FD7A33 /* ConsumerModels.swift in Sources */,
				F6F60DD2FAF8EF8AA596BF42 /* ImageLibrary.swift in Sources */,
				ACA54FDA9CB2728ADED95C59 /* YouView.swift in Sources */,
				5BC247E261A81C158532BC3D /* SignInView.swift in Sources */,
				4B100DC73EEAC2641D5878FF /* CareTeamView.swift in Sources */,
				8F10BCBC638BDED70C47FA03 /* SplashView.swift in Sources */,
				A8CB2D23D6EB86B182C431ED /* OnboardingView.swift in Sources */,
				A3D81F9B947EE5D76747F083 /* VisionTheme.swift in Sources */,
				F01C427D255E073C74CC7611 /* FutureVision.swift in Sources */,
				03075020B04C25985A486A9F /* FutureVisionService.swift in Sources */,
				7669D5F8914FB4FB31B28749 /* FutureTabView.swift in Sources */,
				3CEB2998F10B188B9BB71D31 /* FutureVisionView.swift in Sources */,
				8B14EA061C3FD0448FD49B3C /* VisionCard.swift in Sources */,
				4A507556A9AAD62894AFF6F1 /* VisionCreationFlow.swift in Sources */,
				8DD104BAA288418643EAFAAB /* VisionCategorySelector.swift in Sources */,
				78ED69D6027E0112C15293C2 /* FutureReflectionFlow.swift in Sources */,
				BB49253CE915018D4512DF36 /* CinematicEffects.swift in Sources */,
				737EF09808A24CE680E5C184 /* WorkoutProgram.swift in Sources */,
				50A8509CE4E4A1BD4E070F0F /* WorkoutService.swift in Sources */,
				5FCFEFDF3D6CC8A88FE046F0 /* ExerciseCard.swift in Sources */,
				B47E22954C3FC0CEAA0E33E4 /* RestTimerView.swift in Sources */,
				C5291E6E267C1A8290EB2CAE /* WorkoutDayView.swift in Sources */,
				D2421988CEDCAD47A494339A /* ProgramView.swift in Sources */,
				B4DBEDE0E33ADB693F9F626B /* WorkoutGeneratorView.swift in Sources */,
				4DB67C730EDC228B7B9498A7 /* DynamicWarmupView.swift in Sources */,
				C1F3B0C06D74EC542FDC4DD2 /* WorkoutContainerView.swift in Sources */,
				1E676D246DFD4BF057B505E7 /* LiftingCoach.swift in Sources */,
				895AE0504FC089DC025DFF9C /* QiGongFlowView.swift in Sources */,
				C60C7CC6C017D714F0C8F352 /* GuidedMeditationView.swift in Sources */,
				226DB19A0A68CF671A037743 /* CoachService.swift in Sources */,
				5A4AB3FE4181FCD75D3C619B /* CoachChatView.swift in Sources */,
				8E8881408C7AD92A30FBD15D /* MacroTrackerService.swift in Sources */,
				1618CBE42196225475D0C3C2 /* FoodScannerView.swift in Sources */,
				65FBC8E7CEC068561E2C87FD /* MealPlan.swift in Sources */,
				5A67B7DA36AD63031104A78B /* MealPlanService.swift in Sources */,
				A6BBE708419A60DBE90DF00E /* MealPlanView.swift in Sources */,
				6A37D341076537A6868C7660 /* WyldeScore.swift in Sources */,
				A3F396A2D7CCA845AB1A80FE /* WyldeScoreService.swift in Sources */,
				6059D435113646AA939D0277 /* ProtocolTrackerService.swift in Sources */,
				85C0CA21BE351B3D2BEFA09E /* WyldeScoreCard.swift in Sources */,
				F70AA43BF26D80A2976420EB /* ProtocolTrackerView.swift in Sources */,
				E19B9D461B3AB1C2EE60070C /* CareMessagingView.swift in Sources */,
				531AF1254D1C85952EB2BA0F /* ReorderView.swift in Sources */,
				7523CD98CF0AAF21E9CAD442 /* NutritionTabView.swift in Sources */,
			);
			runOnlyForDeploymentPostprocessing = 0;
		};
/* End PBXSourcesBuildPhase section */

/* Begin XCBuildConfiguration section */
		G10001 /* Debug */ = {
			isa = XCBuildConfiguration;
			buildSettings = {
				ALWAYS_SEARCH_USER_PATHS = NO;
				ASSETCATALOG_COMPILER_GENERATE_SWIFT_ASSET_SYMBOL_EXTENSIONS = YES;
				CLANG_ANALYZER_NONNULL = YES;
				CLANG_CXX_LANGUAGE_STANDARD = "gnu++20";
				CLANG_ENABLE_MODULES = YES;
				CLANG_ENABLE_OBJC_ARC = YES;
				CLANG_WARN_BLOCK_CAPTURE_AUTORELEASING = YES;
				CLANG_WARN_BOOL_CONVERSION = YES;
				CLANG_WARN_COMMA = YES;
				CLANG_WARN_CONSTANT_CONVERSION = YES;
				CLANG_WARN_DEPRECATED_OBJC_IMPLEMENTATIONS = YES;
				CLANG_WARN_DIRECT_OBJC_ISA_USAGE = YES_ERROR;
				CLANG_WARN_EMPTY_BODY = YES;
				CLANG_WARN_ENUM_CONVERSION = YES;
				CLANG_WARN_INFINITE_RECURSION = YES;
				CLANG_WARN_INT_CONVERSION = YES;
				CLANG_WARN_OBJC_IMPLICIT_RETAIN_SELF = YES;
				CLANG_WARN_OBJC_LITERAL_CONVERSION = YES;
				CLANG_WARN_OBJC_ROOT_CLASS = YES_ERROR;
				CLANG_WARN_QUOTED_INCLUDE_IN_FRAMEWORK_HEADER = YES;
				CLANG_WARN_RANGE_LOOP_ANALYSIS = YES;
				CLANG_WARN_STRICT_PROTOTYPES = YES;
				CLANG_WARN_SUSPICIOUS_MOVE = YES;
				CLANG_WARN_UNGUARDED_AVAILABILITY = YES_AGGRESSIVE;
				CLANG_WARN_UNREACHABLE_CODE = YES;
				COPY_PHASE_STRIP = NO;
				DEBUG_INFORMATION_FORMAT = dwarf;
				ENABLE_STRICT_OBJC_MSGSEND = YES;
				ENABLE_TESTABILITY = YES;
				GCC_C_LANGUAGE_STANDARD = gnu17;
				GCC_DYNAMIC_NO_PIC = NO;
				GCC_NO_COMMON_BLOCKS = YES;
				GCC_OPTIMIZATION_LEVEL = 0;
				GCC_PREPROCESSOR_DEFINITIONS = (
					"DEBUG=1",
					"$(inherited)",
				);
				GCC_WARN_64_TO_32_BIT_CONVERSION = YES;
				GCC_WARN_ABOUT_RETURN_TYPE = YES_ERROR;
				GCC_WARN_UNDECLARED_SELECTOR = YES;
				GCC_WARN_UNINITIALIZED_AUTOS = YES_AGGRESSIVE;
				GCC_WARN_UNUSED_FUNCTION = YES;
				GCC_WARN_UNUSED_VARIABLE = YES;
				IPHONEOS_DEPLOYMENT_TARGET = 17.0;
				MTL_ENABLE_DEBUG_INFO = INCLUDE_SOURCE;
				MTL_FAST_MATH = YES;
				ONLY_ACTIVE_ARCH = YES;
				SDKROOT = iphoneos;
				SWIFT_ACTIVE_COMPILATION_CONDITIONS = "$(inherited) DEBUG";
				SWIFT_OPTIMIZATION_LEVEL = "-Onone";
			};
			name = Debug;
		};
		G10002 /* Release */ = {
			isa = XCBuildConfiguration;
			buildSettings = {
				ALWAYS_SEARCH_USER_PATHS = NO;
				ASSETCATALOG_COMPILER_GENERATE_SWIFT_ASSET_SYMBOL_EXTENSIONS = YES;
				CLANG_ANALYZER_NONNULL = YES;
				CLANG_CXX_LANGUAGE_STANDARD = "gnu++20";
				CLANG_ENABLE_MODULES = YES;
				CLANG_ENABLE_OBJC_ARC = YES;
				CLANG_WARN_BLOCK_CAPTURE_AUTORELEASING = YES;
				CLANG_WARN_BOOL_CONVERSION = YES;
				CLANG_WARN_COMMA = YES;
				CLANG_WARN_CONSTANT_CONVERSION = YES;
				CLANG_WARN_DEPRECATED_OBJC_IMPLEMENTATIONS = YES;
				CLANG_WARN_DIRECT_OBJC_ISA_USAGE = YES_ERROR;
				CLANG_WARN_EMPTY_BODY = YES;
				CLANG_WARN_ENUM_CONVERSION = YES;
				CLANG_WARN_INFINITE_RECURSION = YES;
				CLANG_WARN_INT_CONVERSION = YES;
				CLANG_WARN_OBJC_IMPLICIT_RETAIN_SELF = YES;
				CLANG_WARN_OBJC_LITERAL_CONVERSION = YES;
				CLANG_WARN_OBJC_ROOT_CLASS = YES_ERROR;
				CLANG_WARN_QUOTED_INCLUDE_IN_FRAMEWORK_HEADER = YES;
				CLANG_WARN_RANGE_LOOP_ANALYSIS = YES;
				CLANG_WARN_STRICT_PROTOTYPES = YES;
				CLANG_WARN_SUSPICIOUS_MOVE = YES;
				CLANG_WARN_UNGUARDED_AVAILABILITY = YES_AGGRESSIVE;
				CLANG_WARN_UNREACHABLE_CODE = YES;
				COPY_PHASE_STRIP = NO;
				DEBUG_INFORMATION_FORMAT = "dwarf-with-dsym";
				ENABLE_NS_ASSERTIONS = NO;
				ENABLE_STRICT_OBJC_MSGSEND = YES;
				GCC_C_LANGUAGE_STANDARD = gnu17;
				GCC_NO_COMMON_BLOCKS = YES;
				GCC_WARN_64_TO_32_BIT_CONVERSION = YES;
				GCC_WARN_ABOUT_RETURN_TYPE = YES_ERROR;
				GCC_WARN_UNDECLARED_SELECTOR = YES;
				GCC_WARN_UNINITIALIZED_AUTOS = YES_AGGRESSIVE;
				GCC_WARN_UNUSED_FUNCTION = YES;
				GCC_WARN_UNUSED_VARIABLE = YES;
				IPHONEOS_DEPLOYMENT_TARGET = 17.0;
				MTL_ENABLE_DEBUG_INFO = NO;
				MTL_FAST_MATH = YES;
				SDKROOT = iphoneos;
				SWIFT_COMPILATION_MODE = wholemodule;
				VALIDATE_PRODUCT = YES;
			};
			name = Release;
		};
		G10003 /* Debug */ = {
			isa = XCBuildConfiguration;
			buildSettings = {
				ASSETCATALOG_COMPILER_APPICON_NAME = AppIcon;
				ASSETCATALOG_COMPILER_GLOBAL_ACCENT_COLOR_NAME = AccentColor;
				CODE_SIGN_ENTITLEMENTS = WyldeSelf/WyldeSelf.entitlements;
				CODE_SIGN_STYLE = Automatic;
				CURRENT_PROJECT_VERSION = 1;
				DEVELOPMENT_TEAM = L5869XDHF7;
				GENERATE_INFOPLIST_FILE = NO;
				INFOPLIST_FILE = WyldeSelf/Info.plist;
				INFOPLIST_KEY_CFBundleDisplayName = "Wylde Self";
				INFOPLIST_KEY_UIApplicationSceneManifest_Generation = YES;
				INFOPLIST_KEY_UIApplicationSupportsIndirectInputEvents = YES;
				INFOPLIST_KEY_UILaunchScreen_Generation = YES;
				INFOPLIST_KEY_UISupportedInterfaceOrientations = UIInterfaceOrientationPortrait;
				LD_RUNPATH_SEARCH_PATHS = (
					"$(inherited)",
					"@executable_path/Frameworks",
				);
				MARKETING_VERSION = 1.0;
				PRODUCT_BUNDLE_IDENTIFIER = com.wyldeself.app;
				PRODUCT_NAME = "$(TARGET_NAME)";
				SUPPORTED_PLATFORMS = "iphoneos iphonesimulator";
				SUPPORTS_MACCATALYST = NO;
				SWIFT_EMIT_LOC_STRINGS = YES;
				SWIFT_VERSION = 5.0;
				TARGETED_DEVICE_FAMILY = 1;
			};
			name = Debug;
		};
		G10004 /* Release */ = {
			isa = XCBuildConfiguration;
			buildSettings = {
				ASSETCATALOG_COMPILER_APPICON_NAME = AppIcon;
				ASSETCATALOG_COMPILER_GLOBAL_ACCENT_COLOR_NAME = AccentColor;
				CODE_SIGN_ENTITLEMENTS = WyldeSelf/WyldeSelf.entitlements;
				CODE_SIGN_STYLE = Automatic;
				CURRENT_PROJECT_VERSION = 1;
				DEVELOPMENT_TEAM = L5869XDHF7;
				GENERATE_INFOPLIST_FILE = NO;
				INFOPLIST_FILE = WyldeSelf/Info.plist;
				INFOPLIST_KEY_CFBundleDisplayName = "Wylde Self";
				INFOPLIST_KEY_UIApplicationSceneManifest_Generation = YES;
				INFOPLIST_KEY_UIApplicationSupportsIndirectInputEvents = YES;
				INFOPLIST_KEY_UILaunchScreen_Generation = YES;
				INFOPLIST_KEY_UISupportedInterfaceOrientations = UIInterfaceOrientationPortrait;
				LD_RUNPATH_SEARCH_PATHS = (
					"$(inherited)",
					"@executable_path/Frameworks",
				);
				MARKETING_VERSION = 1.0;
				PRODUCT_BUNDLE_IDENTIFIER = com.wyldeself.app;
				PRODUCT_NAME = "$(TARGET_NAME)";
				SUPPORTED_PLATFORMS = "iphoneos iphonesimulator";
				SUPPORTS_MACCATALYST = NO;
				SWIFT_EMIT_LOC_STRINGS = YES;
				SWIFT_VERSION = 5.0;
				TARGETED_DEVICE_FAMILY = 1;
			};
			name = Release;
		};
/* End XCBuildConfiguration section */

/* Begin XCConfigurationList section */
		F10001 /* Build configuration list for PBXProject "WyldeSelf" */ = {
			isa = XCConfigurationList;
			buildConfigurations = (
				G10001 /* Debug */,
				G10002 /* Release */,
			);
			defaultConfigurationIsVisible = 0;
			defaultConfigurationName = Release;
		};
		F10003 /* Build configuration list for PBXNativeTarget "WyldeSelf" */ = {
			isa = XCConfigurationList;
			buildConfigurations = (
				G10003 /* Debug */,
				G10004 /* Release */,
			);
			defaultConfigurationIsVisible = 0;
			defaultConfigurationName = Release;
		};
/* End XCConfigurationList section */

/* Begin XCRemoteSwiftPackageReference section */
		4945466D2FE1C3B000AB1CE4 /* XCRemoteSwiftPackageReference "supabase-swift" */ = {
			isa = XCRemoteSwiftPackageReference;
			repositoryURL = "https://github.com/supabase/supabase-swift";
			requirement = {
				kind = upToNextMajorVersion;
				minimumVersion = 2.5.1;
			};
		};
/* End XCRemoteSwiftPackageReference section */

/* Begin XCSwiftPackageProductDependency section */
		49E9488E2FE1C51C007FD50D /* Supabase */ = {
			isa = XCSwiftPackageProductDependency;
			package = 4945466D2FE1C3B000AB1CE4 /* XCRemoteSwiftPackageReference "supabase-swift" */;
			productName = Supabase;
		};
/* End XCSwiftPackageProductDependency section */
	};
	rootObject = P10001 /* Project object */;
}
